<?xml version="1.0" encoding="utf-8"?>
<Project xmlns="http://schemas.microsoft.com/developer/msbuild/2003">
  <ItemGroup>
    <Filter Include="Form Files">
      <UniqueIdentifier>{99349809-55BA-4b9d-BF79-8FDBB0286EB3}</UniqueIdentifier>
      <Extensions>ui</Extensions>
      <ParseFiles>false</ParseFiles>
    </Filter>
    <Filter Include="Form Files">
      <UniqueIdentifier>{99349809-55BA-4b9d-BF79-8FDBB0286EB3}</UniqueIdentifier>
      <Extensions>ui</Extensions>
      <ParseFiles>false</ParseFiles>
    </Filter>
    <Filter Include="Generated Files">
      <UniqueIdentifier>{71ED8ED8-ACB9-4CE9-BBE1-E00B30144E11}</UniqueIdentifier>
      <Extensions>cpp;c;cxx;moc;h;def;odl;idl;res;</Extensions>
    </Filter>
    <Filter Include="Generated Files">
      <UniqueIdentifier>{71ED8ED8-ACB9-4CE9-BBE1-E00B30144E11}</UniqueIdentifier>
      <Extensions>cpp;c;cxx;moc;h;def;odl;idl;res;</Extensions>
    </Filter>
    <Filter Include="Header Files">
      <UniqueIdentifier>{93995380-89BD-4b04-88EB-625FBE52EBFB}</UniqueIdentifier>
      <Extensions>h;hpp;hxx;hm;inl;inc;xsd</Extensions>
    </Filter>
    <Filter Include="Header Files">
      <UniqueIdentifier>{93995380-89BD-4b04-88EB-625FBE52EBFB}</UniqueIdentifier>
      <Extensions>h;hpp;hxx;hm;inl;inc;xsd</Extensions>
    </Filter>
    <Filter Include="Source Files">
      <UniqueIdentifier>{4FC737F1-C7A5-4376-A066-2A32D752A2FF}</UniqueIdentifier>
      <Extensions>cpp;c;cxx;def;odl;idl;hpj;bat;asm;asmx</Extensions>
    </Filter>
    <Filter Include="Source Files">
      <UniqueIdentifier>{4FC737F1-C7A5-4376-A066-2A32D752A2FF}</UniqueIdentifier>
      <Extensions>cpp;c;cxx;def;odl;idl;hpj;bat;asm;asmx</Extensions>
    </Filter>
    <Filter Include="opencv">
      <UniqueIdentifier>{eed139a9-c6ff-49b5-96b1-d4e29cb1738f}</UniqueIdentifier>
    </Filter>
    <Filter Include="Stratege">
      <UniqueIdentifier>{c3ad6cfe-8dee-4788-98e7-e3a09b064dd0}</UniqueIdentifier>
    </Filter>
    <Filter Include="UI">
      <UniqueIdentifier>{4915d315-f53a-465c-bf96-b608a9193e5b}</UniqueIdentifier>
    </Filter>
  </ItemGroup>
  <ItemGroup>
    <ClCompile Include="main.cpp">
      <Filter>Source Files</Filter>
    </ClCompile>
    <ClCompile Include="OpencvMgr.cpp">
      <Filter>opencv</Filter>
    </ClCompile>
    <ClCompile Include="ZZPicCompareStrategy.cpp">
      <Filter>Stratege</Filter>
    </ClCompile>
    <ClCompile Include="mainwindow.cpp">
      <Filter>UI</Filter>
    </ClCompile>
    <ClCompile Include="PlayerUI.cpp">
      <Filter>UI</Filter>
    </ClCompile>
    <ClCompile Include="BkgUI.cpp">
      <Filter>UI</Filter>
    </ClCompile>
  </ItemGroup>
  <ItemGroup>
    <CustomBuild Include="debug\moc_predefs.h.cbt">
      <Filter>Generated Files</Filter>
    </CustomBuild>
    <CustomBuild Include="release\moc_predefs.h.cbt">
      <Filter>Generated Files</Filter>
    </CustomBuild>
    <ClInclude Include="ui_mainwindow.h">
      <Filter>Generated Files</Filter>
    </ClInclude>
  </ItemGroup>
  <ItemGroup>
    <QtUic Include="mainwindow.ui">
      <Filter>Form Files</Filter>
    </QtUic>
    <QtUic Include="player.ui">
      <Filter>Form Files</Filter>
    </QtUic>
    <QtUic Include="bkg.ui">
      <Filter>Form Files</Filter>
    </QtUic>
  </ItemGroup>
  <ItemGroup>
    <ClInclude Include="Input.h">
      <Filter>Header Files</Filter>
    </ClInclude>
    <ClInclude Include="OpencvMgr.h">
      <Filter>opencv</Filter>
    </ClInclude>
    <ClInclude Include="PicCompareStrategy.h">
      <Filter>Stratege</Filter>
    </ClInclude>
    <ClInclude Include="PreDef.h">
      <Filter>Generated Files</Filter>
    </ClInclude>
    <ClInclude Include="ZZPicCompareStrategy.h">
      <Filter>Stratege</Filter>
    </ClInclude>
    <ClInclude Include="ui_bkg.h">
      <Filter>Generated Files</Filter>
    </ClInclude>
    <ClInclude Include="ui_player.h">
      <Filter>Generated Files</Filter>
    </ClInclude>
  </ItemGroup>
  <ItemGroup>
    <QtMoc Include="mainwindow.h">
      <Filter>UI</Filter>
    </QtMoc>
    <QtMoc Include="PlayerUI.h">
      <Filter>UI</Filter>
    </QtMoc>
    <QtMoc Include="BkgUI.h">
      <Filter>UI</Filter>
    </QtMoc>
  </ItemGroup>
</Project>